// !$*UTF8*$!
{
	archiveVersion = 1;
	classes = {
	};
	objectVersion = 77;
	objects = {

/* Begin PBXContainerItemProxy section */
		FFE423982F15ABEE009881AE /* PBXContainerItemProxy */ = {
			isa = PBXContainerItemProxy;
			containerPortal = FFE423762F15ABED009881AE /* Project object */;
			proxyType = 1;
			remoteGlobalIDString = FFE4237D2F15ABED009881AE;
			remoteInfo = SwiftSesOynatma;
		};
		FFE423A22F15ABEE009881AE /* PBXContainerItemProxy */ = {
			isa = PBXContainerItemProxy;
			containerPortal = FFE423762F15ABED009881AE /* Project object */;
			proxyType = 1;
			remoteGlobalIDString = FFE4237D2F15ABED009881AE;
			remoteInfo = SwiftSesOynatma;
		};
/* End PBXContainerItemProxy section */

/* Begin PBXFileReference section */
		FFE4237E2F15ABED009881AE /* SwiftSesOynatma.app */ = {isa = PBXFileReference; explicitFileType = wrapper.application; includeInIndex = 0; path = SwiftSesOynatma.app; sourceTree = BUILT_PRODUCTS_DIR; };
		FFE423972F15ABEE009881AE /* SwiftSesOynatmaTests.xctest */ = {isa = PBXFileReference; explicitFileType = wrapper.cfbundle; includeInIndex = 0; path = SwiftSesOynatmaTests.xctest; sourceTree = BUILT_PRODUCTS_DIR; };
		FFE423A12F15ABEE009881AE /* SwiftSesOynatmaUITests.xctest */ = {isa = PBXFileReference; explicitFileType = wrapper.cfbundle; includeInIndex = 0; path = SwiftSesOynatmaUITests.xctest; sourceTree = BUILT_PRODUCTS_DIR; };
/* End PBXFileReference section */

/* Begin PBXFileSystemSynchronizedBuildFileExceptionSet section */
		FFE423A92F15ABEE009881AE /* Exceptions for "SwiftSesOynatma" folder in "SwiftSesOynatma" target */ = {
			isa = PBXFileSystemSynchronizedBuildFileExceptionSet;
			membershipExceptions = (
				Info.plist,
			);
			target = FFE4237D2F15ABED009881AE /* SwiftSesOynatma */;
		};
/* End PBXFileSystemSynchronizedBuildFileExceptionSet section */

/* Begin PBXFileSystemSynchronizedRootGroup section */
		FFE423802F15ABED009881AE /* SwiftSesOynatma */ = {
			isa = PBXFileSystemSynchronizedRootGroup;
			exceptions = (
				FFE423A92F15ABEE009881AE /* Exceptions for "SwiftSesOynatma" folder in "SwiftSesOynatma" target */,
			);
			path = SwiftSesOynatma;
			sourceTree = "<group>";
		};
		FFE4239A2F15ABEE009881AE /* SwiftSesOynatmaTests */ = {
			isa = PBXFileSystemSynchronizedRootGroup;
			path = SwiftSesOynatmaTests;
			sourceTree = "<group>";
		};
		FFE423A42F15ABEE009881AE /* SwiftSesOynatmaUITests */ = {
			isa = PBXFileSystemSynchronizedRootGroup;
			path = SwiftSesOynatmaUITests;
			sourceTree = "<group>";
		};
/* End PBXFileSystemSynchronizedRootGroup section */

/* Begin PBXFrameworksBuildPhase section */
		FFE4237B2F15ABED009881AE /* Frameworks */ = {
			isa = PBXFrameworksBuildPhase;
			buildActionMask = 2147483647;
			files = (
			);
			runOnlyForDeploymentPostprocessing = 0;
		};
		FFE423942F15ABEE009881AE /* Frameworks */ = {
			isa = PBXFrameworksBuildPhase;
			buildActionMask = 2147483647;
			files = (
			);
			runOnlyForDeploymentPostprocessing = 0;
		};
		FFE4239E2F15ABEE009881AE /* Frameworks */ = {
			isa = PBXFrameworksBuildPhase;
			buildActionMask = 2147483647;
			files = (
			);
			runOnlyForDeploymentPostprocessing = 0;
		};
/* End PBXFrameworksBuildPhase section */

/* Begin PBXGroup section */
		FFE423752F15ABED009881AE = {
			isa = PBXGroup;
			children = (
				FFE423802F15ABED009881AE /* SwiftSesOynatma */,
				FFE4239A2F15ABEE009881AE /* SwiftSesOynatmaTests */,
				FFE423A42F15ABEE009881AE /* SwiftSesOynatmaUITests */,
				FFE4237F2F15ABED009881AE /* Products */,
			);
			sourceTree = "<group>";
		};
		FFE4237F2F15ABED009881AE /* Products */ = {
			isa = PBXGroup;
			children = (
				FFE4237E2F15ABED009881AE /* SwiftSesOynatma.app */,
				FFE423972F15ABEE009881AE /* SwiftSesOynatmaTests.xctest */,
				FFE423A12F15ABEE009881AE /* SwiftSesOynatmaUITests.xctest */,
			);
			name = Products;
			sourceTree = "<group>";
		};
/* End PBXGroup section */

/* Begin PBXNativeTarget section */
		FFE4237D2F15ABED009881AE /* SwiftSesOynatma */ = {
			isa = PBXNativeTarget;
			buildConfigurationList = FFE423AA2F15ABEE009881AE /* Build configuration list for PBXNativeTarget "SwiftSesOynatma" */;
			buildPhases = (
				FFE4237A2F15ABED009881AE /* Sources */,
				FFE4237B2F15ABED009881AE /* Frameworks */,
				FFE4237C2F15ABED009881AE /* Resources */,
			);
			buildRules = (
			);
			dependencies = (
			);
			fileSystemSynchronizedGroups = (
				FFE423802F15ABED009881AE /* SwiftSesOynatma */,
			);
			name = SwiftSesOynatma;
			packageProductDependencies = (
			);
			productName = SwiftSesOynatma;
			productReference = FFE4237E2F15ABED009881AE /* SwiftSesOynatma.app */;
			productType = "com.apple.product-type.application";
		};
		FFE423962F15ABEE009881AE /* SwiftSesOynatmaTests */ = {
			isa = PBXNativeTarget;
			buildConfigurationList = FFE423AF2F15ABEE009881AE /* Build configuration list for PBXNativeTarget "SwiftSesOynatmaTests" */;
			buildPhases = (
				FFE423932F15ABEE009881AE /* Sources */,
				FFE423942F15ABEE009881AE /* Frameworks */,
				FFE423952F15ABEE009881AE /* Resources */,
			);
			buildRules = (
			);
			dependencies = (
				FFE423992F15ABEE009881AE /* PBXTargetDependency */,
			);
			fileSystemSynchronizedGroups = (
				FFE4239A2F15ABEE009881AE /* SwiftSesOynatmaTests */,
			);
			name = SwiftSesOynatmaTests;
			packageProductDependencies = (
			);
			productName = SwiftSesOynatmaTests;
			productReference = FFE423972F15ABEE009881AE /* SwiftSesOynatmaTests.xctest */;
			productType = "com.apple.product-type.bundle.unit-test";
		};
		FFE423A02F15ABEE009881AE /* SwiftSesOynatmaUITests */ = {
			isa = PBXNativeTarget;
			buildConfigurationList = FFE423B22F15ABEE009881AE /* Build configuration list for PBXNativeTarget "SwiftSesOynatmaUITests" */;
			buildPhases = (
				FFE4239D2F15ABEE009881AE /* Sources */,
				FFE4239E2F15ABEE009881AE /* Frameworks */,
				FFE4239F2F15ABEE009881AE /* Resources */,
			);
			buildRules = (
			);
			dependencies = (
				FFE423A32F15ABEE009881AE /* PBXTargetDependency */,
			);
			fileSystemSynchronizedGroups = (
				FFE423A42F15ABEE009881AE /* SwiftSesOynatmaUITests */,
			);
			name = SwiftSesOynatmaUITests;
			packageProductDependencies = (
			);
			productName = SwiftSesOynatmaUITests;
			productReference = FFE423A12F15ABEE009881AE /* SwiftSesOynatmaUITests.xctest */;
			productType = "com.apple.product-type.bundle.ui-testing";
		};
/* End PBXNativeTarget section */

/* Begin PBXProject section */
		FFE423762F15ABED009881AE /* Project object */ = {
			isa = PBXProject;
			attributes = {
				BuildIndependentTargetsInParallel = 1;
				LastSwiftUpdateCheck = 1640;
				LastUpgradeCheck = 1640;
				TargetAttributes = {
					FFE4237D2F15ABED009881AE = {
						CreatedOnToolsVersion = 16.4;
					};
					FFE423962F15ABEE009881AE = {
						CreatedOnToolsVersion = 16.4;
						TestTargetID = FFE4237D2F15ABED009881AE;
					};
					FFE423A02F15ABEE009881AE = {
						CreatedOnToolsVersion = 16.4;
						TestTargetID = FFE4237D2F15ABED009881AE;
					};
				};
			};
			buildConfigurationList = FFE423792F15ABED009881AE /* Build configuration list for PBXProject "SwiftSesOynatma" */;
			developmentRegion = en;
			hasScannedForEncodings = 0;
			knownRegions = (
				en,
				Base,
			);
			mainGroup = FFE423752F15ABED009881AE;
			minimizedProjectReferenceProxies = 1;
			preferredProjectObjectVersion = 77;
			productRefGroup = FFE4237F2F15ABED009881AE /* Products */;
			projectDirPath = "";
			projectRoot = "";
			targets = (
				FFE4237D2F15ABED009881AE /* SwiftSesOynatma */,
				FFE423962F15ABEE009881AE /* SwiftSesOynatmaTests */,
				FFE423A02F15ABEE009881AE /* SwiftSesOynatmaUITests */,
			);
		};
/* End PBXProject section */

/* Begin PBXResourcesBuildPhase section */
		FFE4237C2F15ABED009881AE /* Resources */ = {
			isa = PBXResourcesBuildPhase;
			buildActionMask = 2147483647;
			files = (
			);
			runOnlyForDeploymentPostprocessing = 0;
		};
		FFE423952F15ABEE009881AE /* Resources */ = {
			isa = PBXResourcesBuildPhase;
			buildActionMask = 2147483647;
			files = (
			);
			runOnlyForDeploymentPostprocessing = 0;
		};
		FFE4239F2F15ABEE009881AE /* Resources */ = {
			isa = PBXResourcesBuildPhase;
			buildActionMask = 2147483647;
			files = (
			);
			runOnlyForDeploymentPostprocessing = 0;
		};
/* End PBXResourcesBuildPhase section */

/* Begin PBXSourcesBuildPhase section */
		FFE4237A2F15ABED009881AE /* Sources */ = {
			isa = PBXSourcesBuildPhase;
			buildActionMask = 2147483647;
			files = (
			);
			runOnlyForDeploymentPostprocessing = 0;
		};
		FFE423932F15ABEE009881AE /* Sources */ = {
			isa = PBXSourcesBuildPhase;
			buildActionMask = 2147483647;
			files = (
			);
			runOnlyForDeploymentPostprocessing = 0;
		};
		FFE4239D2F15ABEE009881AE /* Sources */ = {
			isa = PBXSourcesBuildPhase;
			buildActionMask = 2147483647;
			files = (
			);
			runOnlyForDeploymentPostprocessing = 0;
		};
/* End PBXSourcesBuildPhase section */

/* Begin PBXTargetDependency section */
		FFE423992F15ABEE009881AE /* PBXTargetDependency */ = {
			isa = PBXTargetDependency;
			target = FFE4237D2F15ABED009881AE /* SwiftSesOynatma */;
			targetProxy = FFE423982F15ABEE009881AE /* PBXContainerItemProxy */;
		};
		FFE423A32F15ABEE009881AE /* PBXTargetDependency */ = {
			isa = PBXTargetDependency;
			target = FFE4237D2F15ABED009881AE /* SwiftSesOynatma */;
			targetProxy = FFE423A22F15ABEE009881AE /* PBXContainerItemProxy */;
		};
/* End PBXTargetDependency section */

/* Begin XCBuildConfiguration section */
		FFE423AB2F15ABEE009881AE /* Debug */ = {
			isa = XCBuildConfiguration;
			buildSettings = {
				ASSETCATALOG_COMPILER_APPICON_NAME = AppIcon;
				ASSETCATALOG_COMPILER_GLOBAL_ACCENT_COLOR_NAME = AccentColor;
				CODE_SIGN_STYLE = Automatic;
				CURRENT_PROJECT_VERSION = 1;
				DEVELOPMENT_TEAM = T985K3P4V7;
				GENERATE_INFOPLIST_FILE = YES;
				INFOPLIST_FILE = SwiftSesOynatma/Info.plist;
				INFOPLIST_KEY_UIApplicationSupportsIndirectInputEvents = YES;
				INFOPLIST_KEY_UILaunchStoryboardName = LaunchScreen;
				INFOPLIST_KEY_UIMainStoryboardFile = Main;
				INFOPLIST_KEY_UISupportedInterfaceOrientations_iPad = "UIInterfaceOrientationPortrait UIInterfaceOrientationPortraitUpsideDown UIInterfaceOrientationLandscapeLeft UIInterfaceOrientationLandscapeRight";
				INFOPLIST_KEY_UISupportedInterfaceOrientations_iPhone = "UIInterfaceOrientationPortrait UIInterfaceOrientationLandscapeLeft UIInterfaceOrientationLandscapeRight";
				LD_RUNPATH_SEARCH_PATHS = (
					"$(inherited)",
					"@executable_path/Frameworks",
				);
				MARKETING_VERSION = 1.0;
				PRODUCT_BUNDLE_IDENTIFIER = com.omerapaydin.SwiftSesOynatma;
				PRODUCT_NAME = "$(TARGET_NAME)";
				SWIFT_EMIT_LOC_STRINGS = YES;
				SWIFT_VERSION = 5.0;
				TARGETED_DEVICE_FAMILY = "1,2";
			};
			name = Debug;
		};
		FFE423AC2F15ABEE009881AE /* Release */ = {
			isa = XCBuildConfiguration;
			buildSettings = {
				ASSETCATALOG_COMPILER_APPICON_NAME = AppIcon;
				ASSETCATALOG_COMPILER_GLOBAL_ACCENT_COLOR_NAME = AccentColor;
				CODE_SIGN_STYLE = Automatic;
				CURRENT_PROJECT_VERSION = 1;
				DEVELOPMENT_TEAM = T985K3P4V7;
				GENERATE_INFOPLIST_FILE = YES;
				INFOPLIST_FILE = SwiftSesOynatma/Info.plist;
				INFOPLIST_KEY_UIApplicationSupportsIndirectInputEvents = YES;
				INFOPLIST_KEY_UILaunchStoryboardName = LaunchScreen;
				INFOPLIST_KEY_UIMainStoryboardFile = Main;
				INFOPLIST_KEY_UISupportedInterfaceOrientations_iPad = "UIInterfaceOrientationPortrait UIInterfaceOrientationPortraitUpsideDown UIInterfaceOrientationLandscapeLeft UIInterfaceOrientationLandscapeRight";
				INFOPLIST_KEY_UISupportedInterfaceOrientations_iPhone = "UIInterfaceOrientationPortrait UIInterfaceOrientationLandscapeLeft UIInterfaceOrientationLandscapeRight";
				LD_RUNPATH_SEARCH_PATHS = (
					"$(inherited)",
					"@executable_path/Frameworks",
				);
				MARKETING_VERSION = 1.0;
				PRODUCT_BUNDLE_IDENTIFIER = com.omerapaydin.SwiftSesOynatma;
				PRODUCT_NAME = "$(TARGET_NAME)";
				SWIFT_EMIT_LOC_STRINGS = YES;
				SWIFT_VERSION = 5.0;
				TARGETED_DEVICE_FAMILY = "1,2";
			};
			name = Release;
		};
		FFE423AD2F15ABEE009881AE /* Debug */ = {
			isa = XCBuildConfiguration;
			buildSettings = {
				ALWAYS_SEARCH_USER_PATHS = NO;
				ASSETCATALOG_COMPILER_GENERATE_SWIFT_ASSET_SYMBOL_EXTENSIONS = YES;
				CLANG_ANALYZER_NONNULL = YES;
				CLANG_ANALYZER_NUMBER_OBJECT_CONVERSION = YES_AGGRESSIVE;
				CLANG_CXX_LANGUAGE_STANDARD = "gnu++20";
				CLANG_ENABLE_MODULES = YES;
				CLANG_ENABLE_OBJC_ARC = YES;
				CLANG_ENABLE_OBJC_WEAK = YES;
				CLANG_WARN_BLOCK_CAPTURE_AUTORELEASING = YES;
				CLANG_WARN_BOOL_CONVERSION = YES;
				CLANG_WARN_COMMA = YES;
				CLANG_WARN_CONSTANT_CONVERSION = YES;
				CLANG_WARN_DEPRECATED_OBJC_IMPLEMENTATIONS = YES;
				CLANG_WARN_DIRECT_OBJC_ISA_USAGE = YES_ERROR;
				CLANG_WARN_DOCUMENTATION_COMMENTS = YES;
				CLANG_WARN_EMPTY_BODY = YES;
				CLANG_WARN_ENUM_CONVERSION = YES;
				CLANG_WARN_INFINITE_RECURSION = YES;
				CLANG_WARN_INT_CONVERSION = YES;
				CLANG_WARN_NON_LITERAL_NULL_CONVERSION = YES;
				CLANG_WARN_OBJC_IMPLICIT_RETAIN_SELF = YES;
				CLANG_WARN_OBJC_LITERAL_CONVERSION = YES;
				CLANG_WARN_OBJC_ROOT_CLASS = YES_ERROR;
				CLANG_WARN_QUOTED_INCLUDE_IN_FRAMEWORK_HEADER = YES;
				CLANG_WARN_RANGE_LOOP_ANALYSIS = YES;
				CLANG_WARN_STRICT_PROTOTYPES = YES;
				CLANG_WARN_SUSPICIOUS_MOVE = YES;
				CLANG_WARN_UNGUARDED_AVAILABILITY = YES_AGGRESSIVE;
				CLANG_WARN_UNREACHABLE_CODE = YES;
				CLANG_WARN__DUPLICATE_METHOD_MATCH = YES;
				COPY_PHASE_STRIP = NO;
				DEBUG_INFORMATION_FORMAT = dwarf;
				DEVELOPMENT_TEAM = T985K3P4V7;
				ENABLE_STRICT_OBJC_MSGSEND = YES;
				ENABLE_TESTABILITY = YES;
				ENABLE_USER_SCRIPT_SANDBOXING = YES;
				GCC_C_LANGUAGE_STANDARD = gnu17;
				GCC_DYNAMIC_NO_PIC = NO;
				GCC_NO_COMMON_BLOCKS = YES;
				GCC_OPTIMIZATION_LEVEL = 0;
				GCC_PREPROCESSOR_DEFINITIONS = (
					"DEBUG=1",
					"$(inherited)",
				);
				GCC_WARN_64_TO_32_BIT_CONVERSION = YES;
				GCC_WARN_ABOUT_RETURN_TYPE = YES_ERROR;
				GCC_WARN_UNDECLARED_SELECTOR = YES;
				GCC_WARN_UNINITIALIZED_AUTOS = YES_AGGRESSIVE;
				GCC_WARN_UNUSED_FUNCTION = YES;
				GCC_WARN_UNUSED_VARIABLE = YES;
				IPHONEOS_DEPLOYMENT_TARGET = 18.5;
				LOCALIZATION_PREFERS_STRING_CATALOGS = YES;
				MTL_ENABLE_DEBUG_INFO = INCLUDE_SOURCE;
				MTL_FAST_MATH = YES;
				ONLY_ACTIVE_ARCH = YES;
				SDKROOT = iphoneos;
				SWIFT_ACTIVE_COMPILATION_CONDITIONS = "DEBUG $(inherited)";
				SWIFT_OPTIMIZATION_LEVEL = "-Onone";
			};
			name = Debug;
		};
		FFE423AE2F15ABEE009881AE /* Release */ = {
			isa = XCBuildConfiguration;
			buildSettings = {
				ALWAYS_SEARCH_USER_PATHS = NO;
				ASSETCATALOG_COMPILER_GENERATE_SWIFT_ASSET_SYMBOL_EXTENSIONS = YES;
				CLANG_ANALYZER_NONNULL = YES;
				CLANG_ANALYZER_NUMBER_OBJECT_CONVERSION = YES_AGGRESSIVE;
				CLANG_CXX_LANGUAGE_STANDARD = "gnu++20";
				CLANG_ENABLE_MODULES = YES;
				CLANG_ENABLE_OBJC_ARC = YES;
				CLANG_ENABLE_OBJC_WEAK = YES;
				CLANG_WARN_BLOCK_CAPTURE_AUTORELEASING = YES;
				CLANG_WARN_BOOL_CONVERSION = YES;
				CLANG_WARN_COMMA = YES;
				CLANG_WARN_CONSTANT_CONVERSION = YES;
				CLANG_WARN_DEPRECATED_OBJC_IMPLEMENTATIONS = YES;
				CLANG_WARN_DIRECT_OBJC_ISA_USAGE = YES_ERROR;
				CLANG_WARN_DOCUMENTATION_COMMENTS = YES;
				CLANG_WARN_EMPTY_BODY = YES;
				CLANG_WARN_ENUM_CONVERSION = YES;
				CLANG_WARN_INFINITE_RECURSION = YES;
				CLANG_WARN_INT_CONVERSION = YES;
				CLANG_WARN_NON_LITERAL_NULL_CONVERSION = YES;
				CLANG_WARN_OBJC_IMPLICIT_RETAIN_SELF = YES;
				CLANG_WARN_OBJC_LITERAL_CONVERSION = YES;
				CLANG_WARN_OBJC_ROOT_CLASS = YES_ERROR;
				CLANG_WARN_QUOTED_INCLUDE_IN_FRAMEWORK_HEADER = YES;
				CLANG_WARN_RANGE_LOOP_ANALYSIS = YES;
				CLANG_WARN_STRICT_PROTOTYPES = YES;
				CLANG_WARN_SUSPICIOUS_MOVE = YES;
				CLANG_WARN_UNGUARDED_AVAILABILITY = YES_AGGRESSIVE;
				CLANG_WARN_UNREACHABLE_CODE = YES;
				CLANG_WARN__DUPLICATE_METHOD_MATCH = YES;
				COPY_PHASE_STRIP = NO;
				DEBUG_INFORMATION_FORMAT = "dwarf-with-dsym";
				DEVELOPMENT_TEAM = T985K3P4V7;
				ENABLE_NS_ASSERTIONS = NO;
				ENABLE_STRICT_OBJC_MSGSEND = YES;
				ENABLE_USER_SCRIPT_SANDBOXING = YES;
				GCC_C_LANGUAGE_STANDARD = gnu17;
				GCC_NO_COMMON_BLOCKS = YES;
				GCC_WARN_64_TO_32_BIT_CONVERSION = YES;
				GCC_WARN_ABOUT_RETURN_TYPE = YES_ERROR;
				GCC_WARN_UNDECLARED_SELECTOR = YES;
				GCC_WARN_UNINITIALIZED_AUTOS = YES_AGGRESSIVE;
				GCC_WARN_UNUSED_FUNCTION = YES;
				GCC_WARN_UNUSED_VARIABLE = YES;
				IPHONEOS_DEPLOYMENT_TARGET = 18.5;
				LOCALIZATION_PREFERS_STRING_CATALOGS = YES;
				MTL_ENABLE_DEBUG_INFO = NO;
				MTL_FAST_MATH = YES;
				SDKROOT = iphoneos;
				SWIFT_COMPILATION_MODE = wholemodule;
				VALIDATE_PRODUCT = YES;
			};
			name = Release;
		};
		FFE423B02F15ABEE009881AE /* Debug */ = {
			isa = XCBuildConfiguration;
			buildSettings = {
				BUNDLE_LOADER = "$(TEST_HOST)";
				CODE_SIGN_STYLE = Automatic;
				CURRENT_PROJECT_VERSION = 1;
				DEVELOPMENT_TEAM = T985K3P4V7;
				GENERATE_INFOPLIST_FILE = YES;
				IPHONEOS_DEPLOYMENT_TARGET = 18.5;
				MARKETING_VERSION = 1.0;
				PRODUCT_BUNDLE_IDENTIFIER = com.omerapaydin.SwiftSesOynatmaTests;
				PRODUCT_NAME = "$(TARGET_NAME)";
				SWIFT_EMIT_LOC_STRINGS = NO;
				SWIFT_VERSION = 5.0;
				TARGETED_DEVICE_FAMILY = "1,2";
				TEST_HOST = "$(BUILT_PRODUCTS_DIR)/SwiftSesOynatma.app/$(BUNDLE_EXECUTABLE_FOLDER_PATH)/SwiftSesOynatma";
			};
			name = Debug;
		};
		FFE423B12F15ABEE009881AE /* Release */ = {
			isa = XCBuildConfiguration;
			buildSettings = {
				BUNDLE_LOADER = "$(TEST_HOST)";
				CODE_SIGN_STYLE = Automatic;
				CURRENT_PROJECT_VERSION = 1;
				DEVELOPMENT_TEAM = T985K3P4V7;
				GENERATE_INFOPLIST_FILE = YES;
				IPHONEOS_DEPLOYMENT_TARGET = 18.5;
				MARKETING_VERSION = 1.0;
				PRODUCT_BUNDLE_IDENTIFIER = com.omerapaydin.SwiftSesOynatmaTests;
				PRODUCT_NAME = "$(TARGET_NAME)";
				SWIFT_EMIT_LOC_STRINGS = NO;
				SWIFT_VERSION = 5.0;
				TARGETED_DEVICE_FAMILY = "1,2";
				TEST_HOST = "$(BUILT_PRODUCTS_DIR)/SwiftSesOynatma.app/$(BUNDLE_EXECUTABLE_FOLDER_PATH)/SwiftSesOynatma";
			};
			name = Release;
		};
		FFE423B32F15ABEE009881AE /* Debug */ = {
			isa = XCBuildConfiguration;
			buildSettings = {
				CODE_SIGN_STYLE = Automatic;
				CURRENT_PROJECT_VERSION = 1;
				DEVELOPMENT_TEAM = T985K3P4V7;
				GENERATE_INFOPLIST_FILE = YES;
				MARKETING_VERSION = 1.0;
				PRODUCT_BUNDLE_IDENTIFIER = com.omerapaydin.SwiftSesOynatmaUITests;
				PRODUCT_NAME = "$(TARGET_NAME)";
				SWIFT_EMIT_LOC_STRINGS = NO;
				SWIFT_VERSION = 5.0;
				TARGETED_DEVICE_FAMILY = "1,2";
				TEST_TARGET_NAME = SwiftSesOynatma;
			};
			name = Debug;
		};
		FFE423B42F15ABEE009881AE /* Release */ = {
			isa = XCBuildConfiguration;
			buildSettings = {
				CODE_SIGN_STYLE = Automatic;
				CURRENT_PROJECT_VERSION = 1;
				DEVELOPMENT_TEAM = T985K3P4V7;
				GENERATE_INFOPLIST_FILE = YES;
				MARKETING_VERSION = 1.0;
				PRODUCT_BUNDLE_IDENTIFIER = com.omerapaydin.SwiftSesOynatmaUITests;
				PRODUCT_NAME = "$(TARGET_NAME)";
				SWIFT_EMIT_LOC_STRINGS = NO;
				SWIFT_VERSION = 5.0;
				TARGETED_DEVICE_FAMILY = "1,2";
				TEST_TARGET_NAME = SwiftSesOynatma;
			};
			name = Release;
		};
/* End XCBuildConfiguration section */

/* Begin XCConfigurationList section */
		FFE423792F15ABED009881AE /* Build configuration list for PBXProject "SwiftSesOynatma" */ = {
			isa = XCConfigurationList;
			buildConfigurations = (
				FFE423AD2F15ABEE009881AE /* Debug */,
				FFE423AE2F15ABEE009881AE /* Release */,
			);
			defaultConfigurationIsVisible = 0;
			defaultConfigurationName = Release;
		};
		FFE423AA2F15ABEE009881AE /* Build configuration list for PBXNativeTarget "SwiftSesOynatma" */ = {
			isa = XCConfigurationList;
			buildConfigurations = (
				FFE423AB2F15ABEE009881AE /* Debug */,
				FFE423AC2F15ABEE009881AE /* Release */,
			);
			defaultConfigurationIsVisible = 0;
			defaultConfigurationName = Release;
		};
		FFE423AF2F15ABEE009881AE /* Build configuration list for PBXNativeTarget "SwiftSesOynatmaTests" */ = {
			isa = XCConfigurationList;
			buildConfigurations = (
				FFE423B02F15ABEE009881AE /* Debug */,
				FFE423B12F15ABEE009881AE /* Release */,
			);
			defaultConfigurationIsVisible = 0;
			defaultConfigurationName = Release;
		};
		FFE423B22F15ABEE009881AE /* Build configuration list for PBXNativeTarget "SwiftSesOynatmaUITests" */ = {
			isa = XCConfigurationList;
			buildConfigurations = (
				FFE423B32F15ABEE009881AE /* Debug */,
				FFE423B42F15ABEE009881AE /* Release */,
			);
			defaultConfigurationIsVisible = 0;
			defaultConfigurationName = Release;
		};
/* End XCConfigurationList section */
	};
	rootObject = FFE423762F15ABED009881AE /* Project object */;
}
